
Microsoft Visual Studio Solution File, Format Version 12.00
# Visual Studio Version 17
VisualStudioVersion = 17.1.32421.90
MinimumVisualStudioVersion = 10.0.40219.1
Project("{9A19103F-16F7-4668-BE54-9A1E7A4F7556}") = "JeremyAnsel.Xwa.Dat", "JeremyAnsel.Xwa.Dat\JeremyAnsel.Xwa.Dat.csproj", "{91C5DB16-5A9E-4EC0-9BAD-7F3C5EF9E9AE}"
EndProject
Project("{9A19103F-16F7-4668-BE54-9A1E7A4F7556}") = "Documentation", "Documentation\Documentation.csproj", "{F227CC8F-2728-4866-9096-95AE34391CD4}"
EndProject
Global
	GlobalSection(SolutionConfigurationPlatforms) = preSolution
		Debug|Any CPU = Debug|Any CPU
		Release|Any CPU = Release|Any CPU
	EndGlobalSection
	GlobalSection(ProjectConfigurationPlatforms) = postSolution
		{91C5DB16-5A9E-4EC0-9BAD-7F3C5EF9E9AE}.Debug|Any CPU.ActiveCfg = Debug|Any CPU
		{91C5DB16-5A9E-4EC0-9BAD-7F3C5EF9E9AE}.Debug|Any CPU.Build.0 = Debug|Any CPU
		{91C5DB16-5A9E-4EC0-9BAD-7F3C5EF9E9AE}.Release|Any CPU.ActiveCfg = Release|Any CPU
		{91C5DB16-5A9E-4EC0-9BAD-7F3C5EF9E9AE}.Release|Any CPU.Build.0 = Release|Any CPU
		{F227CC8F-2728-4866-9096-95AE34391CD4}.Debug|Any CPU.ActiveCfg = Debug|Any CPU
		{F227CC8F-2728-4866-9096-95AE34391CD4}.Release|Any CPU.ActiveCfg = Release|Any CPU
		{F227CC8F-2728-4866-9096-95AE34391CD4}.Release|Any CPU.Build.0 = Release|Any CPU
	EndGlobalSection
	GlobalSection(SolutionProperties) = preSolution
		HideSolutionNode = FALSE
	EndGlobalSection
	GlobalSection(ExtensibilityGlobals) = postSolution
		SolutionGuid = {1096BF43-123B-4373-9248-16838AFA70E0}
	EndGlobalSection
EndGlobal
